
Microsoft Visual Studio Solution File, Format Version 12.00
# Visual Studio Version 16
VisualStudioVersion = 16.0.31911.196
MinimumVisualStudioVersion = 10.0.40219.1
Project("{FAE04EC0-301F-11D3-BF4B-00C04F79EFBC}") = "ShareService", "ShareService\ShareService.csproj", "{9516FBD9-3DCA-4193-A969-C9DE73F39908}"
EndProject
Global
	GlobalSection(SolutionConfigurationPlatforms) = preSolution
		Debug|Any CPU = Debug|Any CPU
		Release|Any CPU = Release|Any CPU
	EndGlobalSection
	GlobalSection(ProjectConfigurationPlatforms) = postSolution
		{9516FBD9-3DCA-4193-A969-C9DE73F39908}.Debug|Any CPU.ActiveCfg = Debug|Any CPU
		{9516FBD9-3DCA-4193-A969-C9DE73F39908}.Debug|Any CPU.Build.0 = Debug|Any CPU
		{9516FBD9-3DCA-4193-A969-C9DE73F39908}.Release|Any CPU.ActiveCfg = Release|Any CPU
		{9516FBD9-3DCA-4193-A969-C9DE73F39908}.Release|Any CPU.Build.0 = Release|Any CPU
	EndGlobalSection
	GlobalSection(SolutionProperties) = preSolution
		HideSolutionNode = FALSE
	EndGlobalSection
	GlobalSection(ExtensibilityGlobals) = postSolution
		SolutionGuid = {7BE9709C-7F9F-43B9-A5D3-8A6EFD52F2C3}
	EndGlobalSection
EndGlobal
